{
  "name": "zksj_uniapp",
  "version": "1.0.0",
  "lockfileVersion": 1,
  "requires": true,
  "dependencies": {
    "dayjs": {
      "version": "1.11.13",
      "resolved": "https://registry.npmmirror.com/dayjs/-/dayjs-1.11.13.tgz",
      "integrity": "sha512-oaMBel6gjolK862uaPQOVTA7q3TZhuSvuMQAAglQDOWYO9A91IrAOUJEyKVlqJlHE0vq5p5UXxzdPfMH/x6xNg=="
    },
    "de-indent": {
      "version": "1.0.2",
      "resolved": "https://registry.npmmirror.com/de-indent/-/de-indent-1.0.2.tgz",
      "integrity": "sha512-e/1zu3xH5MQryN2zdVaF0OrdNLUbvWxzMbi+iNA6Bky7l1RoP8a2fIbRocyHclXt/arDrrR6lL3TqFD9pMQTsg=="
    },
    "he": {
      "version": "1.2.0",
      "resolved": "https://registry.npmmirror.com/he/-/he-1.2.0.tgz",
      "integrity": "sha512-F/1DnUGPopORZi0ni+CvrCgHQ5FyEAHRLSApuYWMmrbSwoN2Mn/7k+Gl38gJnR7yyDZk6WLXwiGod1JOWNDKGw=="
    },
    "strip-json-comments": {
      "version": "2.0.1",
      "resolved": "https://registry.npmmirror.com/strip-json-comments/-/strip-json-comments-2.0.1.tgz",
      "integrity": "sha512-4gB8na07fecVVkOI6Rs4e7T6NOTki5EmL7TUduTs6bu3EdnSycntVJ4re8kgZA+wx9IueI2Y11bfbgwtzuE0KQ=="
    },
    "vue-inset-loader": {
      "version": "1.2.6",
      "resolved": "https://registry.npmmirror.com/vue-inset-loader/-/vue-inset-loader-1.2.6.tgz",
      "integrity": "sha512-P4j8QT4baCBSvuVsWdBEBd2UlUKWRWYBmlGj4KIgFPnEar656DSlQmVRMFCRzb24vgY2nQpg8fH+qT24D4nOWA==",
      "requires": {
        "strip-json-comments": "^2.0.1",
        "vue-template-compiler": "^2.6.10"
      }
    },
    "vue-template-compiler": {
      "version": "2.7.16",
      "resolved": "https://registry.npmmirror.com/vue-template-compiler/-/vue-template-compiler-2.7.16.tgz",
      "integrity": "sha512-AYbUWAJHLGGQM7+cNTELw+KsOG9nl2CnSv467WobS5Cv9uk3wFcnr1Etsz2sEIHEZvw1U+o9mRlEO6QbZvUPGQ==",
      "requires": {
        "de-indent": "^1.0.2",
        "he": "^1.2.0"
      }
    },
    "xe-utils": {
      "version": "3.5.32",
      "resolved": "https://registry.npmmirror.com/xe-utils/-/xe-utils-3.5.32.tgz",
      "integrity": "sha512-R8ZT2lRnRBQO3pchM1za/Aru+/29DVDWD/OmOFODWWGkiQYz0iVIr8Bq8uKXS6zMhEsSqVCrn46bXzfe/Agjcw=="
    }
  }
}
