# THIS IS AN AUTOGENERATED FILE. DO NOT EDIT THIS FILE DIRECTLY.
# yarn lockfile v1


dayjs@^1.11.4:
  version "1.11.19"
  resolved "https://registry.yarnpkg.com/dayjs/-/dayjs-1.11.19.tgz#15dc98e854bb43917f12021806af897c58ae2938"
  integrity sha512-t5EcLVS6QPBNqM2z8fakk/NKel+Xzshgt8FFKAn+qwlD1pzZWxh0nVCrvFK7ZDb6XucZeF9z8C7CBWTRIVApAw==

js-base64@^3.7.5:
  version "3.7.8"
  resolved "https://registry.npmmirror.com/js-base64/-/js-base64-3.7.8.tgz#af44496bc09fa178ed9c4adf67eb2b46f5c6d2a4"
  integrity sha512-hNngCeKxIUQiEUN3GPJOkz4wF/YvdUdbNL9hsBcMQTkKzboD7T/q3OYOuuPZLUE6dBxSGpwhk5mwuDud7JVAow==

uni-read-pages@^1.0.5:
  version "1.0.5"
  resolved "https://registry.npmmirror.com/uni-read-pages/-/uni-read-pages-1.0.5.tgz#452c8dcaa8977bbaef600909be926c8d9704387c"
  integrity sha512-GkrrZ0LX0vn9R5k6RKEi0Ez3Q3e2vUpjXQ8Z6/K/d28KudI9ajqgt8WEjQFlG5EPm1K6uTArN8LlqmZTEixDUA==

uni-simple-router@^2.0.8-beta.4:
  version "2.0.8-beta.4"
  resolved "https://registry.npmmirror.com/uni-simple-router/-/uni-simple-router-2.0.8-beta.4.tgz#2f86ef17b361c251e14361ffd860a82669770cc5"
  integrity sha512-ipTHhOaRvjV8qrt3HosX5pNMhwFYBnFOuKyV5joH0evfXubjrGI5tjdwpmwzfW5h3VBth3iAqScv+pW/QmIJXw==

xe-utils@^3.5.6:
  version "3.7.9"
  resolved "https://registry.yarnpkg.com/xe-utils/-/xe-utils-3.7.9.tgz#e14a861bd8b3103037ef86e437baafbee5a6bb50"
  integrity sha512-LWH6M7g+TKX8P2fqGxDPgJQygiULhbMtpmfxTMxJTUjuUv9y2+I45UCcVLh5AnmJSxDV1xTxsq7G5P9Eid06JQ==
